
Microsoft Visual Studio Solution File, Format Version 12.00
# Visual Studio Version 17
VisualStudioVersion = 17.10.35122.118
MinimumVisualStudioVersion = 10.0.40219.1
Project("{9A19103F-16F7-4668-BE54-9A1E7A4F7556}") = "Lokcshot.Bannwords.API", "Lokcshot.Bannwords.API\Lokcshot.Bannwords.API.csproj", "{EC62E66C-8DA6-4325-9A74-06F5D1B66411}"
EndProject
Project("{FAE04EC0-301F-11D3-BF4B-00C04F79EFBC}") = "Lokcshot.Bannwords.Data", "Lokcshot.Bannwords.Data\Lokcshot.Bannwords.Data.csproj", "{21A7B20E-BC8B-401B-88DF-3D0BAB8DB650}"
EndProject
Project("{FAE04EC0-301F-11D3-BF4B-00C04F79EFBC}") = "Lokcshot.Bannwords.Models", "Lokcshot.Bannwords.Models\Lokcshot.Bannwords.Models.csproj", "{A2D1028F-84E2-4C2B-B147-11A6F21EF809}"
EndProject
Global
	GlobalSection(SolutionConfigurationPlatforms) = preSolution
		Debug|Any CPU = Debug|Any CPU
		Release|Any CPU = Release|Any CPU
	EndGlobalSection
	GlobalSection(ProjectConfigurationPlatforms) = postSolution
		{EC62E66C-8DA6-4325-9A74-06F5D1B66411}.Debug|Any CPU.ActiveCfg = Debug|Any CPU
		{EC62E66C-8DA6-4325-9A74-06F5D1B66411}.Debug|Any CPU.Build.0 = Debug|Any CPU
		{EC62E66C-8DA6-4325-9A74-06F5D1B66411}.Release|Any CPU.ActiveCfg = Release|Any CPU
		{EC62E66C-8DA6-4325-9A74-06F5D1B66411}.Release|Any CPU.Build.0 = Release|Any CPU
		{21A7B20E-BC8B-401B-88DF-3D0BAB8DB650}.Debug|Any CPU.ActiveCfg = Debug|Any CPU
		{21A7B20E-BC8B-401B-88DF-3D0BAB8DB650}.Debug|Any CPU.Build.0 = Debug|Any CPU
		{21A7B20E-BC8B-401B-88DF-3D0BAB8DB650}.Release|Any CPU.ActiveCfg = Release|Any CPU
		{21A7B20E-BC8B-401B-88DF-3D0BAB8DB650}.Release|Any CPU.Build.0 = Release|Any CPU
		{A2D1028F-84E2-4C2B-B147-11A6F21EF809}.Debug|Any CPU.ActiveCfg = Debug|Any CPU
		{A2D1028F-84E2-4C2B-B147-11A6F21EF809}.Debug|Any CPU.Build.0 = Debug|Any CPU
		{A2D1028F-84E2-4C2B-B147-11A6F21EF809}.Release|Any CPU.ActiveCfg = Release|Any CPU
		{A2D1028F-84E2-4C2B-B147-11A6F21EF809}.Release|Any CPU.Build.0 = Release|Any CPU
	EndGlobalSection
	GlobalSection(SolutionProperties) = preSolution
		HideSolutionNode = FALSE
	EndGlobalSection
	GlobalSection(ExtensibilityGlobals) = postSolution
		SolutionGuid = {0A5E5851-2BA0-4503-862C-39CAD2DA845B}
	EndGlobalSection
EndGlobal
